
Microsoft Visual Studio Solution File, Format Version 12.00
# Visual Studio 15
VisualStudioVersion = 15.0.28010.2003
MinimumVisualStudioVersion = 10.0.40219.1
Project("{FAE04EC0-301F-11D3-BF4B-00C04F79EFBC}") = "NewtonProject3B", "..\..\Downloads\Proj3A-master\Proj3A-master\NewtonProject3A\NewtonProject3B.csproj", "{89A46A19-DC9E-4AA4-B9CE-C7AA11202428}"
EndProject
Global
	GlobalSection(SolutionConfigurationPlatforms) = preSolution
		Debug|Any CPU = Debug|Any CPU
		Release|Any CPU = Release|Any CPU
	EndGlobalSection
	GlobalSection(ProjectConfigurationPlatforms) = postSolution
		{89A46A19-DC9E-4AA4-B9CE-C7AA11202428}.Debug|Any CPU.ActiveCfg = Debug|Any CPU
		{89A46A19-DC9E-4AA4-B9CE-C7AA11202428}.Debug|Any CPU.Build.0 = Debug|Any CPU
		{89A46A19-DC9E-4AA4-B9CE-C7AA11202428}.Release|Any CPU.ActiveCfg = Release|Any CPU
		{89A46A19-DC9E-4AA4-B9CE-C7AA11202428}.Release|Any CPU.Build.0 = Release|Any CPU
	EndGlobalSection
	GlobalSection(SolutionProperties) = preSolution
		HideSolutionNode = FALSE
	EndGlobalSection
	GlobalSection(ExtensibilityGlobals) = postSolution
		SolutionGuid = {C52DE681-AF0E-4F48-80E2-44A00A85DF32}
	EndGlobalSection
EndGlobal
